
Microsoft Visual Studio Solution File, Format Version 12.00
# Visual Studio Version 16
VisualStudioVersion = 16.0.29519.181
MinimumVisualStudioVersion = 10.0.40219.1
Project("{FAE04EC0-301F-11D3-BF4B-00C04F79EFBC}") = "AplikacjaHelloWorld", "AplikacjaHelloWorld\AplikacjaHelloWorld.csproj", "{BDB08000-25A9-4D00-AEA9-69B27EB969FB}"
EndProject
Global
	GlobalSection(SolutionConfigurationPlatforms) = preSolution
		Debug|Any CPU = Debug|Any CPU
		Release|Any CPU = Release|Any CPU
	EndGlobalSection
	GlobalSection(ProjectConfigurationPlatforms) = postSolution
		{BDB08000-25A9-4D00-AEA9-69B27EB969FB}.Debug|Any CPU.ActiveCfg = Debug|Any CPU
		{BDB08000-25A9-4D00-AEA9-69B27EB969FB}.Debug|Any CPU.Build.0 = Debug|Any CPU
		{BDB08000-25A9-4D00-AEA9-69B27EB969FB}.Release|Any CPU.ActiveCfg = Release|Any CPU
		{BDB08000-25A9-4D00-AEA9-69B27EB969FB}.Release|Any CPU.Build.0 = Release|Any CPU
	EndGlobalSection
	GlobalSection(SolutionProperties) = preSolution
		HideSolutionNode = FALSE
	EndGlobalSection
	GlobalSection(ExtensibilityGlobals) = postSolution
		SolutionGuid = {E5BF98CF-FF60-4199-87FB-64ED5A402604}
	EndGlobalSection
EndGlobal
